
Microsoft Visual Studio Solution File, Format Version 12.00
# Visual Studio Version 17
VisualStudioVersion = 17.8.34525.116
MinimumVisualStudioVersion = 10.0.40219.1
Project("{FAE04EC0-301F-11D3-BF4B-00C04F79EFBC}") = "AnimeJail.App", "AnimeJail.App\AnimeJail.App.csproj", "{A4DD513B-FC87-491C-9360-584967A7A5EF}"
EndProject
Global
	GlobalSection(SolutionConfigurationPlatforms) = preSolution
		Debug|Any CPU = Debug|Any CPU
		Release|Any CPU = Release|Any CPU
	EndGlobalSection
	GlobalSection(ProjectConfigurationPlatforms) = postSolution
		{A4DD513B-FC87-491C-9360-584967A7A5EF}.Debug|Any CPU.ActiveCfg = Debug|Any CPU
		{A4DD513B-FC87-491C-9360-584967A7A5EF}.Debug|Any CPU.Build.0 = Debug|Any CPU
		{A4DD513B-FC87-491C-9360-584967A7A5EF}.Release|Any CPU.ActiveCfg = Release|Any CPU
		{A4DD513B-FC87-491C-9360-584967A7A5EF}.Release|Any CPU.Build.0 = Release|Any CPU
	EndGlobalSection
	GlobalSection(SolutionProperties) = preSolution
		HideSolutionNode = FALSE
	EndGlobalSection
	GlobalSection(ExtensibilityGlobals) = postSolution
		SolutionGuid = {21B0C32D-9F0C-4171-8C36-A568B4FE7D4B}
	EndGlobalSection
EndGlobal
